
Microsoft Visual Studio Solution File, Format Version 12.00
# Visual Studio Version 17
VisualStudioVersion = 17.10.35027.167
MinimumVisualStudioVersion = 10.0.40219.1
Project("{FAE04EC0-301F-11D3-BF4B-00C04F79EFBC}") = "Contacts", "Contacts\Contacts.csproj", "{1F241643-F61C-4040-81E9-28ADD01598F9}"
EndProject
Global
	GlobalSection(SolutionConfigurationPlatforms) = preSolution
		Debug|Any CPU = Debug|Any CPU
		Release|Any CPU = Release|Any CPU
	EndGlobalSection
	GlobalSection(ProjectConfigurationPlatforms) = postSolution
		{1F241643-F61C-4040-81E9-28ADD01598F9}.Debug|Any CPU.ActiveCfg = Debug|Any CPU
		{1F241643-F61C-4040-81E9-28ADD01598F9}.Debug|Any CPU.Build.0 = Debug|Any CPU
		{1F241643-F61C-4040-81E9-28ADD01598F9}.Release|Any CPU.ActiveCfg = Release|Any CPU
		{1F241643-F61C-4040-81E9-28ADD01598F9}.Release|Any CPU.Build.0 = Release|Any CPU
	EndGlobalSection
	GlobalSection(SolutionProperties) = preSolution
		HideSolutionNode = FALSE
	EndGlobalSection
	GlobalSection(ExtensibilityGlobals) = postSolution
		SolutionGuid = {79A71021-26E8-4C30-92A3-491CA7DC538C}
	EndGlobalSection
EndGlobal
